<?xml version="1.0" encoding="utf-8"?>
<Project ToolsVersion="4.0" xmlns="http://schemas.microsoft.com/developer/msbuild/2003">
  <ItemGroup>
    <Filter Include="LanguageGrammar">
      <UniqueIdentifier>{ce5da771-0290-4a78-b80d-1a3b22a7a2da}</UniqueIdentifier>
    </Filter>
    <Filter Include="Modules">
      <UniqueIdentifier>{1a48b78a-4b9b-4fa3-87d2-84f33dfaa613}</UniqueIdentifier>
    </Filter>
    <Filter Include="Modules\Text">
      <UniqueIdentifier>{1fe88b86-bde0-4f95-912f-d8695a3ad264}</UniqueIdentifier>
    </Filter>
    <Filter Include="Modules\Logs">
      <UniqueIdentifier>{c8509c92-b73d-413a-8ca1-875b87378a47}</UniqueIdentifier>
    </Filter>
    <Filter Include="Modules\FilesIO">
      <UniqueIdentifier>{08bb178e-95ae-477f-97bd-01bab8951b30}</UniqueIdentifier>
    </Filter>
    <Filter Include="LanguageGrammar\Universal">
      <UniqueIdentifier>{ed01dde0-f355-45a2-92d2-e651fa17f639}</UniqueIdentifier>
    </Filter>
    <Filter Include="LanguageGrammar\English">
      <UniqueIdentifier>{d892f48c-6ed5-4e9e-96b1-446afe7604ad}</UniqueIdentifier>
    </Filter>
    <Filter Include="LanguageGrammar\Russian">
      <UniqueIdentifier>{894ad54c-355a-4234-9dd3-fe4aa442c1d3}</UniqueIdentifier>
    </Filter>
    <Filter Include="Modules\ExtArray">
      <UniqueIdentifier>{f406da04-d497-461a-87b2-66bd724a82d7}</UniqueIdentifier>
    </Filter>
    <Filter Include="Back end">
      <UniqueIdentifier>{6e8725f8-d8e6-4433-a04a-903af5b5e583}</UniqueIdentifier>
    </Filter>
    <Filter Include="Back end\x86">
      <UniqueIdentifier>{86250602-6238-4a81-a180-6d88be97b1e7}</UniqueIdentifier>
    </Filter>
    <Filter Include="Back end\SoftCPU">
      <UniqueIdentifier>{7c50a4b4-0b12-430b-a130-6e55690263d5}</UniqueIdentifier>
    </Filter>
    <Filter Include="Front end">
      <UniqueIdentifier>{f0f1f71d-6936-4be3-9413-d3b68301ef5c}</UniqueIdentifier>
    </Filter>
    <Filter Include="Front end\Lexer">
      <UniqueIdentifier>{fdd37f65-b536-437e-ab08-8556d7f2efe3}</UniqueIdentifier>
    </Filter>
    <Filter Include="Modules\ExtHeap">
      <UniqueIdentifier>{067989f8-99b8-476e-a356-bb680c7e22ca}</UniqueIdentifier>
    </Filter>
    <Filter Include="AST">
      <UniqueIdentifier>{75cf9723-ff5f-4c51-8ffc-8eaa4fd10928}</UniqueIdentifier>
    </Filter>
  </ItemGroup>
  <ItemGroup>
    <ClCompile Include="Modules\Logs\Logs.cpp">
      <Filter>Modules\Logs</Filter>
    </ClCompile>
    <ClCompile Include="Modules\Text\Text.cpp">
      <Filter>Modules\Text</Filter>
    </ClCompile>
    <ClCompile Include="Modules\FilesIO\FilesIO.cpp">
      <Filter>Modules\FilesIO</Filter>
    </ClCompile>
    <ClCompile Include="main.cpp" />
    <ClCompile Include="Modules\ExtArray\ExtArray.cpp">
      <Filter>Modules\ExtArray</Filter>
    </ClCompile>
    <ClCompile Include="Modules\ExtHeap\ExtHeap.cpp">
      <Filter>Modules\ExtHeap</Filter>
    </ClCompile>
    <ClCompile Include="Modules\Logs\logs_config_private.h">
      <Filter>Modules\Logs</Filter>
    </ClCompile>
    <ClCompile Include="AST\AST.cpp">
      <Filter>AST</Filter>
    </ClCompile>
    <ClCompile Include="AST\AST_Verify.cpp">
      <Filter>AST</Filter>
    </ClCompile>
    <ClCompile Include="AST\aux_nodes.cpp">
      <Filter>AST</Filter>
    </ClCompile>
    <ClCompile Include="AST\expr_nodes.cpp">
      <Filter>AST</Filter>
    </ClCompile>
    <ClCompile Include="AST\funct_nodes.cpp">
      <Filter>AST</Filter>
    </ClCompile>
    <ClCompile Include="AST\keyword_nodes.cpp">
      <Filter>AST</Filter>
    </ClCompile>
    <ClCompile Include="Back end\SoftCPU\SoftCpuCompiler.cpp">
      <Filter>Back end\SoftCPU</Filter>
    </ClCompile>
    <ClCompile Include="Back end\SoftCPU\SoftCpuCompilerUnitTests.cpp">
      <Filter>Back end\SoftCPU</Filter>
    </ClCompile>
    <ClCompile Include="Back end\x86\asm_labels.cpp">
      <Filter>Back end\x86</Filter>
    </ClCompile>
    <ClCompile Include="Back end\x86\asm_representation.cpp">
      <Filter>Back end\x86</Filter>
    </ClCompile>
    <ClCompile Include="Back end\x86\compile_aux.cpp">
      <Filter>Back end\x86</Filter>
    </ClCompile>
    <ClCompile Include="Back end\x86\compile_expr.cpp">
      <Filter>Back end\x86</Filter>
    </ClCompile>
    <ClCompile Include="Back end\x86\compile_funct.cpp">
      <Filter>Back end\x86</Filter>
    </ClCompile>
    <ClCompile Include="Back end\x86\compile_keywords.cpp">
      <Filter>Back end\x86</Filter>
    </ClCompile>
    <ClCompile Include="Back end\x86\x86Compiler.cpp">
      <Filter>Back end\x86</Filter>
    </ClCompile>
    <ClCompile Include="Back end\x86\x86CompilerUnitTests.cpp">
      <Filter>Back end\x86</Filter>
    </ClCompile>
    <ClCompile Include="Front end\Lexer\Identifier.cpp">
      <Filter>Front end\Lexer</Filter>
    </ClCompile>
    <ClCompile Include="Front end\Lexer\Lexer.cpp">
      <Filter>Front end\Lexer</Filter>
    </ClCompile>
    <ClCompile Include="Front end\Lexer\LexerUnitTests.cpp">
      <Filter>Front end\Lexer</Filter>
    </ClCompile>
    <ClCompile Include="Front end\parse_aux.cpp">
      <Filter>Front end</Filter>
    </ClCompile>
    <ClCompile Include="Front end\parse_expr.cpp">
      <Filter>Front end</Filter>
    </ClCompile>
    <ClCompile Include="Front end\parse_funct.cpp">
      <Filter>Front end</Filter>
    </ClCompile>
    <ClCompile Include="Front end\parse_keyword.cpp">
      <Filter>Front end</Filter>
    </ClCompile>
    <ClCompile Include="Front end\Parser.cpp">
      <Filter>Front end</Filter>
    </ClCompile>
    <ClCompile Include="Front end\ParserUnitTests.cpp">
      <Filter>Front end</Filter>
    </ClCompile>
    <ClCompile Include="LanguageGrammar\LanguageGrammar.cpp">
      <Filter>LanguageGrammar</Filter>
    </ClCompile>
  </ItemGroup>
  <ItemGroup>
    <ClInclude Include="Modules\Logs\Logs.h">
      <Filter>Modules\Logs</Filter>
    </ClInclude>
    <ClInclude Include="Modules\Logs\LogsConfig.h">
      <Filter>Modules\Logs</Filter>
    </ClInclude>
    <ClInclude Include="Modules\Text\Text.h">
      <Filter>Modules\Text</Filter>
    </ClInclude>
    <ClInclude Include="Modules\ErrorsHandling.h">
      <Filter>Modules</Filter>
    </ClInclude>
    <ClInclude Include="Modules\FilesIO\FilesIO.h">
      <Filter>Modules\FilesIO</Filter>
    </ClInclude>
    <ClInclude Include="Modules\ExtArray\ExtArray.h">
      <Filter>Modules\ExtArray</Filter>
    </ClInclude>
    <ClInclude Include="Modules\ExtHeap\ExtHeap.h">
      <Filter>Modules\ExtHeap</Filter>
    </ClInclude>
    <ClInclude Include="Modules\DisableLogs.h">
      <Filter>Modules</Filter>
    </ClInclude>
    <ClInclude Include="UnitTests.h" />
    <ClInclude Include="AST\AST.h">
      <Filter>AST</Filter>
    </ClInclude>
    <ClInclude Include="AST\ast_private.h">
      <Filter>AST</Filter>
    </ClInclude>
    <ClInclude Include="AST\ast_verify_patterns.h">
      <Filter>AST</Filter>
    </ClInclude>
    <ClInclude Include="AST\aux_nodes.h">
      <Filter>AST</Filter>
    </ClInclude>
    <ClInclude Include="AST\expr_nodes.h">
      <Filter>AST</Filter>
    </ClInclude>
    <ClInclude Include="AST\funct_nodes.h">
      <Filter>AST</Filter>
    </ClInclude>
    <ClInclude Include="AST\keyword_nodes.h">
      <Filter>AST</Filter>
    </ClInclude>
    <ClInclude Include="Back end\SoftCPU\_compiler_config.h">
      <Filter>Back end\SoftCPU</Filter>
    </ClInclude>
    <ClInclude Include="Back end\SoftCPU\_intrinsic_funct.h">
      <Filter>Back end\SoftCPU</Filter>
    </ClInclude>
    <ClInclude Include="Back end\SoftCPU\SoftCpuCompiler.h">
      <Filter>Back end\SoftCPU</Filter>
    </ClInclude>
    <ClInclude Include="Back end\x86\asm_defs.h">
      <Filter>Back end\x86</Filter>
    </ClInclude>
    <ClInclude Include="Back end\x86\asm_labels.h">
      <Filter>Back end\x86</Filter>
    </ClInclude>
    <ClInclude Include="Back end\x86\asm_representation.h">
      <Filter>Back end\x86</Filter>
    </ClInclude>
    <ClInclude Include="Back end\x86\compile_aux.h">
      <Filter>Back end\x86</Filter>
    </ClInclude>
    <ClInclude Include="Back end\x86\compile_expr.h">
      <Filter>Back end\x86</Filter>
    </ClInclude>
    <ClInclude Include="Back end\x86\compile_funct.h">
      <Filter>Back end\x86</Filter>
    </ClInclude>
    <ClInclude Include="Back end\x86\compile_keywords.h">
      <Filter>Back end\x86</Filter>
    </ClInclude>
    <ClInclude Include="Back end\x86\compiler_config.h">
      <Filter>Back end\x86</Filter>
    </ClInclude>
    <ClInclude Include="Back end\x86\DSL.h">
      <Filter>Back end\x86</Filter>
    </ClInclude>
    <ClInclude Include="Back end\x86\intrinsic_funct.h">
      <Filter>Back end\x86</Filter>
    </ClInclude>
    <ClInclude Include="Back end\x86\x86Compiler.h">
      <Filter>Back end\x86</Filter>
    </ClInclude>
    <ClInclude Include="Front end\Lexer\Identifier.h">
      <Filter>Front end\Lexer</Filter>
    </ClInclude>
    <ClInclude Include="Front end\Lexer\Lexer.h">
      <Filter>Front end\Lexer</Filter>
    </ClInclude>
    <ClInclude Include="Front end\Parser.h">
      <Filter>Front end</Filter>
    </ClInclude>
    <ClInclude Include="Front end\parser_private.h">
      <Filter>Front end</Filter>
    </ClInclude>
    <ClInclude Include="Modules\TargetOS.h">
      <Filter>Modules</Filter>
    </ClInclude>
    <ClInclude Include="LanguageGrammar\LanguageGrammar.h">
      <Filter>LanguageGrammar</Filter>
    </ClInclude>
  </ItemGroup>
  <ItemGroup>
    <None Include="LanguageGrammar\Universal\operators.inc">
      <Filter>LanguageGrammar\Universal</Filter>
    </None>
    <None Include="LanguageGrammar\Universal\special_symbols.inc">
      <Filter>LanguageGrammar\Universal</Filter>
    </None>
    <None Include="LanguageGrammar\English\keywords.inc">
      <Filter>LanguageGrammar\English</Filter>
    </None>
    <None Include="Front end\parse_funct.cpp.vsspell" />
    <None Include="AST\ast_nodes.inc">
      <Filter>AST</Filter>
    </None>
    <None Include="Back end\x86\asm_cmd_codes.inc">
      <Filter>Back end\x86</Filter>
    </None>
    <None Include="Back end\x86\asm_cmd_names.inc">
      <Filter>Back end\x86</Filter>
    </None>
    <None Include="Back end\x86\asm_regs.inc">
      <Filter>Back end\x86</Filter>
    </None>
    <None Include="LanguageGrammar\keywords.inc">
      <Filter>LanguageGrammar</Filter>
    </None>
    <None Include="LanguageGrammar\operators.inc">
      <Filter>LanguageGrammar</Filter>
    </None>
    <None Include="LanguageGrammar\special_symbols.inc">
      <Filter>LanguageGrammar</Filter>
    </None>
  </ItemGroup>
</Project>